{
  "name": "Городской ассистент",
  "lockfileVersion": 3,
  "requires": true,
  "packages": {
    "": {
      "dependencies": {
        "@vkontakte/vk-bridge": "^2.15.11"
      }
    },
    "node_modules/@vkontakte/vk-bridge": {
      "version": "2.15.11",
      "resolved": "https://registry.npmjs.org/@vkontakte/vk-bridge/-/vk-bridge-2.15.11.tgz",
      "integrity": "sha512-gFkjqePxV+rBltgxtddL/MMgruG6iGeHr2s1gSTgxKQx7pks5QoafswcQ4kaz1E3AAkC0h/xbyHQApN+vobbvQ==",
      "license": "MIT"
    }
  }
}
